<?xml version="1.0" encoding="utf-8"?>
<Project ToolsVersion="4.0" xmlns="http://schemas.microsoft.com/developer/msbuild/2003">
  <ItemGroup>
    <Filter Include="Source Files">
      <UniqueIdentifier>{3c66de6e-d5aa-4c3a-9ed9-a04f3a7fe315}</UniqueIdentifier>
      <Extensions>cpp;c;cxx;rc;def;r;odl;idl;hpj;bat</Extensions>
    </Filter>
    <Filter Include="Header Files">
      <UniqueIdentifier>{f589395c-27db-44cd-b1d7-0a390cea820c}</UniqueIdentifier>
      <Extensions>h;hpp;hxx;hm;inl</Extensions>
    </Filter>
    <Filter Include="Resource Files">
      <UniqueIdentifier>{79451156-af36-4792-8f22-1627bb44ce95}</UniqueIdentifier>
      <Extensions>ico;cur;bmp;dlg;rc2;rct;bin;rgs;gif;jpg;jpeg;jpe</Extensions>
    </Filter>
  </ItemGroup>
  <ItemGroup>
    <ClCompile Include="..\Drivers\aardvark.c">
      <Filter>Source Files</Filter>
    </ClCompile>
    <ClCompile Include="..\Protocol\asn1.c">
      <Filter>Source Files</Filter>
    </ClCompile>
    <ClCompile Include="..\Protocol\CRC.c">
      <Filter>Source Files</Filter>
    </ClCompile>
    <ClCompile Include="..\Tag\DesfireTag.c">
      <Filter>Source Files</Filter>
    </ClCompile>
    <ClCompile Include="..\Device\DeviceFactory.c">
      <Filter>Source Files</Filter>
    </ClCompile>
    <ClCompile Include="..\Tag\GenericTag.c">
      <Filter>Source Files</Filter>
    </ClCompile>
    <ClCompile Include="..\Tag\Iso14443ATag.c">
      <Filter>Source Files</Filter>
    </ClCompile>
    <ClCompile Include="..\Tag\Iso14443BTag.c">
      <Filter>Source Files</Filter>
    </ClCompile>
    <ClCompile Include="..\Reader\ReaderFactory.c">
      <Filter>Source Files</Filter>
    </ClCompile>
    <ClCompile Include="..\Device\SerialDevice.c">
      <Filter>Source Files</Filter>
    </ClCompile>
    <ClCompile Include="..\Device\SerialDeviceFactory.c">
      <Filter>Source Files</Filter>
    </ClCompile>
    <ClCompile Include="..\SkyeTekAPI.c">
      <Filter>Source Files</Filter>
    </ClCompile>
    <ClCompile Include="..\Reader\SkyeTekReader.c">
      <Filter>Source Files</Filter>
    </ClCompile>
    <ClCompile Include="..\Reader\SkyeTekReaderFactory.c">
      <Filter>Source Files</Filter>
    </ClCompile>
    <ClCompile Include="..\Device\SPIDevice.c">
      <Filter>Source Files</Filter>
    </ClCompile>
    <ClCompile Include="..\Device\SPIDeviceFactory.c">
      <Filter>Source Files</Filter>
    </ClCompile>
    <ClCompile Include="stapi.cpp">
      <Filter>Source Files</Filter>
    </ClCompile>
    <ClCompile Include="..\Protocol\STPv2.c">
      <Filter>Source Files</Filter>
    </ClCompile>
    <ClCompile Include="..\Protocol\STPv3.c">
      <Filter>Source Files</Filter>
    </ClCompile>
    <ClCompile Include="..\Tag\Tag.c">
      <Filter>Source Files</Filter>
    </ClCompile>
    <ClCompile Include="..\Tag\TagFactory.c">
      <Filter>Source Files</Filter>
    </ClCompile>
    <ClCompile Include="..\Device\USBDevice.c">
      <Filter>Source Files</Filter>
    </ClCompile>
    <ClCompile Include="..\Device\USBDeviceFactory.c">
      <Filter>Source Files</Filter>
    </ClCompile>
    <ClCompile Include="..\Protocol\utils.c">
      <Filter>Source Files</Filter>
    </ClCompile>
  </ItemGroup>
  <ItemGroup>
    <ResourceCompile Include="version.rc">
      <Filter>Source Files</Filter>
    </ResourceCompile>
  </ItemGroup>
  <ItemGroup>
    <ClInclude Include="..\Drivers\aardvark.h">
      <Filter>Header Files</Filter>
    </ClInclude>
    <ClInclude Include="..\Protocol\ASN1.h">
      <Filter>Header Files</Filter>
    </ClInclude>
    <ClInclude Include="..\Protocol\CRC.h">
      <Filter>Header Files</Filter>
    </ClInclude>
    <ClInclude Include="..\Device\Device.h">
      <Filter>Header Files</Filter>
    </ClInclude>
    <ClInclude Include="..\Device\DeviceFactory.h">
      <Filter>Header Files</Filter>
    </ClInclude>
    <ClInclude Include="..\Tag\GenericTag.h">
      <Filter>Header Files</Filter>
    </ClInclude>
    <ClInclude Include="..\Platform.h">
      <Filter>Header Files</Filter>
    </ClInclude>
    <ClInclude Include="..\Protocol\Protocol.h">
      <Filter>Header Files</Filter>
    </ClInclude>
    <ClInclude Include="..\Reader\Reader.h">
      <Filter>Header Files</Filter>
    </ClInclude>
    <ClInclude Include="..\Reader\ReaderFactory.h">
      <Filter>Header Files</Filter>
    </ClInclude>
    <ClInclude Include="resource.h">
      <Filter>Header Files</Filter>
    </ClInclude>
    <ClInclude Include="..\Device\SerialDevice.h">
      <Filter>Header Files</Filter>
    </ClInclude>
    <ClInclude Include="..\SkyeTekAPI.h">
      <Filter>Header Files</Filter>
    </ClInclude>
    <ClInclude Include="..\SkyeTekProtocol.h">
      <Filter>Header Files</Filter>
    </ClInclude>
    <ClInclude Include="..\Device\SPIDevice.h">
      <Filter>Header Files</Filter>
    </ClInclude>
    <ClInclude Include="..\Protocol\STPv2.h">
      <Filter>Header Files</Filter>
    </ClInclude>
    <ClInclude Include="..\Protocol\STPv3.h">
      <Filter>Header Files</Filter>
    </ClInclude>
    <ClInclude Include="..\Tag\Tag.h">
      <Filter>Header Files</Filter>
    </ClInclude>
    <ClInclude Include="..\Tag\TagFactory.h">
      <Filter>Header Files</Filter>
    </ClInclude>
    <ClInclude Include="..\Device\USBDevice.h">
      <Filter>Header Files</Filter>
    </ClInclude>
    <ClInclude Include="..\Protocol\utils.h">
      <Filter>Header Files</Filter>
    </ClInclude>
  </ItemGroup>
</Project>